
Microsoft Visual Studio Solution File, Format Version 10.00
# Visual Studio 2008
Project("{FAE04EC0-301F-11D3-BF4B-00C04F79EFBC}") = "File operation", "File operation\File operation.csproj", "{9BD03581-0C6F-4747-B772-4986E79F3925}"
EndProject
Project("{FAE04EC0-301F-11D3-BF4B-00C04F79EFBC}") = "Binary Operator", "Binary Operator\Binary Operator.csproj", "{3BBF3F0D-1A0F-48CA-A1B9-C545B8D39891}"
EndProject
Project("{FAE04EC0-301F-11D3-BF4B-00C04F79EFBC}") = "Serialization", "Serialization\Serialization.csproj", "{995B65E2-2A07-419B-9D5D-9DC2B57942CC}"
EndProject
Project("{FAE04EC0-301F-11D3-BF4B-00C04F79EFBC}") = "StreamReaderExample", "StreamReaderExample\StreamReaderExample.csproj", "{9815EB98-0706-46BF-9531-4A924A23711E}"
EndProject
Global
	GlobalSection(SolutionConfigurationPlatforms) = preSolution
		Debug|Any CPU = Debug|Any CPU
		Release|Any CPU = Release|Any CPU
	EndGlobalSection
	GlobalSection(ProjectConfigurationPlatforms) = postSolution
		{9BD03581-0C6F-4747-B772-4986E79F3925}.Debug|Any CPU.ActiveCfg = Debug|Any CPU
		{9BD03581-0C6F-4747-B772-4986E79F3925}.Debug|Any CPU.Build.0 = Debug|Any CPU
		{9BD03581-0C6F-4747-B772-4986E79F3925}.Release|Any CPU.ActiveCfg = Release|Any CPU
		{9BD03581-0C6F-4747-B772-4986E79F3925}.Release|Any CPU.Build.0 = Release|Any CPU
		{3BBF3F0D-1A0F-48CA-A1B9-C545B8D39891}.Debug|Any CPU.ActiveCfg = Debug|Any CPU
		{3BBF3F0D-1A0F-48CA-A1B9-C545B8D39891}.Debug|Any CPU.Build.0 = Debug|Any CPU
		{3BBF3F0D-1A0F-48CA-A1B9-C545B8D39891}.Release|Any CPU.ActiveCfg = Release|Any CPU
		{3BBF3F0D-1A0F-48CA-A1B9-C545B8D39891}.Release|Any CPU.Build.0 = Release|Any CPU
		{995B65E2-2A07-419B-9D5D-9DC2B57942CC}.Debug|Any CPU.ActiveCfg = Debug|Any CPU
		{995B65E2-2A07-419B-9D5D-9DC2B57942CC}.Debug|Any CPU.Build.0 = Debug|Any CPU
		{995B65E2-2A07-419B-9D5D-9DC2B57942CC}.Release|Any CPU.ActiveCfg = Release|Any CPU
		{995B65E2-2A07-419B-9D5D-9DC2B57942CC}.Release|Any CPU.Build.0 = Release|Any CPU
		{9815EB98-0706-46BF-9531-4A924A23711E}.Debug|Any CPU.ActiveCfg = Debug|Any CPU
		{9815EB98-0706-46BF-9531-4A924A23711E}.Debug|Any CPU.Build.0 = Debug|Any CPU
		{9815EB98-0706-46BF-9531-4A924A23711E}.Release|Any CPU.ActiveCfg = Release|Any CPU
		{9815EB98-0706-46BF-9531-4A924A23711E}.Release|Any CPU.Build.0 = Release|Any CPU
	EndGlobalSection
	GlobalSection(SolutionProperties) = preSolution
		HideSolutionNode = FALSE
	EndGlobalSection
EndGlobal
