
Microsoft Visual Studio Solution File, Format Version 10.00
# Visual Studio 2008
Project("{FAE04EC0-301F-11D3-BF4B-00C04F79EFBC}") = "CurrencyCoverter", "CurrencyCoverter.csproj", "{90D4270D-5F2E-42D9-BBEB-99A3397C510D}"
EndProject
Global
	GlobalSection(SolutionConfigurationPlatforms) = preSolution
		Debug|Any CPU = Debug|Any CPU
		Release|Any CPU = Release|Any CPU
	EndGlobalSection
	GlobalSection(ProjectConfigurationPlatforms) = postSolution
		{90D4270D-5F2E-42D9-BBEB-99A3397C510D}.Debug|Any CPU.ActiveCfg = Debug|Any CPU
		{90D4270D-5F2E-42D9-BBEB-99A3397C510D}.Debug|Any CPU.Build.0 = Debug|Any CPU
		{90D4270D-5F2E-42D9-BBEB-99A3397C510D}.Release|Any CPU.ActiveCfg = Release|Any CPU
		{90D4270D-5F2E-42D9-BBEB-99A3397C510D}.Release|Any CPU.Build.0 = Release|Any CPU
	EndGlobalSection
	GlobalSection(SolutionProperties) = preSolution
		HideSolutionNode = FALSE
	EndGlobalSection
EndGlobal
