
Microsoft Visual Studio Solution File, Format Version 12.00
# Visual Studio Version 16
VisualStudioVersion = 16.0.32228.343
MinimumVisualStudioVersion = 10.0.40219.1
Project("{FAE04EC0-301F-11D3-BF4B-00C04F79EFBC}") = "Anchor_Dock_Demo", "Anchor_Dock_Demo\Anchor_Dock_Demo.csproj", "{5737F086-93E2-44B8-A1BB-902BFB9C421C}"
EndProject
Global
	GlobalSection(SolutionConfigurationPlatforms) = preSolution
		Debug|Any CPU = Debug|Any CPU
		Release|Any CPU = Release|Any CPU
	EndGlobalSection
	GlobalSection(ProjectConfigurationPlatforms) = postSolution
		{5737F086-93E2-44B8-A1BB-902BFB9C421C}.Debug|Any CPU.ActiveCfg = Debug|Any CPU
		{5737F086-93E2-44B8-A1BB-902BFB9C421C}.Debug|Any CPU.Build.0 = Debug|Any CPU
		{5737F086-93E2-44B8-A1BB-902BFB9C421C}.Release|Any CPU.ActiveCfg = Release|Any CPU
		{5737F086-93E2-44B8-A1BB-902BFB9C421C}.Release|Any CPU.Build.0 = Release|Any CPU
	EndGlobalSection
	GlobalSection(SolutionProperties) = preSolution
		HideSolutionNode = FALSE
	EndGlobalSection
	GlobalSection(ExtensibilityGlobals) = postSolution
		SolutionGuid = {EBA7BDA2-BACF-470B-8A2F-7B8DE3C2A619}
	EndGlobalSection
EndGlobal
