
Microsoft Visual Studio Solution File, Format Version 12.00
# Visual Studio Version 16
VisualStudioVersion = 16.0.32228.343
MinimumVisualStudioVersion = 10.0.40219.1
Project("{FAE04EC0-301F-11D3-BF4B-00C04F79EFBC}") = "OracleConnectivityWinForm", "OracleConnectivityWinForm\OracleConnectivityWinForm.csproj", "{E055CDB0-697B-4A23-BCDE-68452579C99A}"
EndProject
Project("{FAE04EC0-301F-11D3-BF4B-00C04F79EFBC}") = "Oracle_ADOConsoleAPP_NewId", "Oracle_ADOConsoleAPP_NewId\Oracle_ADOConsoleAPP_NewId.csproj", "{2CA8F3BE-639C-41C6-BEC2-AFF8DF1068AD}"
EndProject
Project("{FAE04EC0-301F-11D3-BF4B-00C04F79EFBC}") = "OracleAppsettings", "OracleAppsettings\OracleAppsettings.csproj", "{AD3AF35B-12ED-408F-A989-009A76425B6A}"
EndProject
Global
	GlobalSection(SolutionConfigurationPlatforms) = preSolution
		Debug|Any CPU = Debug|Any CPU
		Release|Any CPU = Release|Any CPU
	EndGlobalSection
	GlobalSection(ProjectConfigurationPlatforms) = postSolution
		{E055CDB0-697B-4A23-BCDE-68452579C99A}.Debug|Any CPU.ActiveCfg = Debug|Any CPU
		{E055CDB0-697B-4A23-BCDE-68452579C99A}.Debug|Any CPU.Build.0 = Debug|Any CPU
		{E055CDB0-697B-4A23-BCDE-68452579C99A}.Release|Any CPU.ActiveCfg = Release|Any CPU
		{E055CDB0-697B-4A23-BCDE-68452579C99A}.Release|Any CPU.Build.0 = Release|Any CPU
		{2CA8F3BE-639C-41C6-BEC2-AFF8DF1068AD}.Debug|Any CPU.ActiveCfg = Debug|Any CPU
		{2CA8F3BE-639C-41C6-BEC2-AFF8DF1068AD}.Debug|Any CPU.Build.0 = Debug|Any CPU
		{2CA8F3BE-639C-41C6-BEC2-AFF8DF1068AD}.Release|Any CPU.ActiveCfg = Release|Any CPU
		{2CA8F3BE-639C-41C6-BEC2-AFF8DF1068AD}.Release|Any CPU.Build.0 = Release|Any CPU
		{AD3AF35B-12ED-408F-A989-009A76425B6A}.Debug|Any CPU.ActiveCfg = Debug|Any CPU
		{AD3AF35B-12ED-408F-A989-009A76425B6A}.Debug|Any CPU.Build.0 = Debug|Any CPU
		{AD3AF35B-12ED-408F-A989-009A76425B6A}.Release|Any CPU.ActiveCfg = Release|Any CPU
		{AD3AF35B-12ED-408F-A989-009A76425B6A}.Release|Any CPU.Build.0 = Release|Any CPU
	EndGlobalSection
	GlobalSection(SolutionProperties) = preSolution
		HideSolutionNode = FALSE
	EndGlobalSection
	GlobalSection(ExtensibilityGlobals) = postSolution
		SolutionGuid = {3C1284F9-1819-4237-863A-BB25089C1C32}
	EndGlobalSection
EndGlobal
